
Microsoft Visual Studio Solution File, Format Version 12.00
# Visual Studio 15
VisualStudioVersion = 15.0.28307.779
MinimumVisualStudioVersion = 10.0.40219.1
Project("{FAE04EC0-301F-11D3-BF4B-00C04F79EFBC}") = "TestDsl0", "TestDsl0.csproj", "{C073E841-5253-4DD2-9975-0292DCEFCA95}"
EndProject
Global
	GlobalSection(SolutionConfigurationPlatforms) = preSolution
		Debug|Any CPU = Debug|Any CPU
		Release|Any CPU = Release|Any CPU
	EndGlobalSection
	GlobalSection(ProjectConfigurationPlatforms) = postSolution
		{C073E841-5253-4DD2-9975-0292DCEFCA95}.Debug|Any CPU.ActiveCfg = Debug|Any CPU
		{C073E841-5253-4DD2-9975-0292DCEFCA95}.Debug|Any CPU.Build.0 = Debug|Any CPU
		{C073E841-5253-4DD2-9975-0292DCEFCA95}.Release|Any CPU.ActiveCfg = Release|Any CPU
		{C073E841-5253-4DD2-9975-0292DCEFCA95}.Release|Any CPU.Build.0 = Release|Any CPU
	EndGlobalSection
	GlobalSection(SolutionProperties) = preSolution
		HideSolutionNode = FALSE
	EndGlobalSection
	GlobalSection(ExtensibilityGlobals) = postSolution
		SolutionGuid = {B77BF8B3-EE95-49A5-AEAC-042DAECF45B1}
	EndGlobalSection
EndGlobal
